// !$*UTF8*$!
{
	archiveVersion = 1;
	classes = {
	};
	objectVersion = 56;
	objects = {

/* Begin PBXBuildFile section */
		FFA2675C2C8245C900168E75 /* Lab02App.swift in Sources */ = {isa = PBXBuildFile; fileRef = FFA2675B2C8245C900168E75 /* Lab02App.swift */; };
		FFA2675E2C8245C900168E75 /* ContentView.swift in Sources */ = {isa = PBXBuildFile; fileRef = FFA2675D2C8245C900168E75 /* ContentView.swift */; };
		FFA267602C8245CB00168E75 /* Assets.xcassets in Resources */ = {isa = PBXBuildFile; fileRef = FFA2675F2C8245CB00168E75 /* Assets.xcassets */; };
		FFA267632C8245CB00168E75 /* Preview Assets.xcassets in Resources */ = {isa = PBXBuildFile; fileRef = FFA267622C8245CB00168E75 /* Preview Assets.xcassets */; };
		FFA2676D2C8245CB00168E75 /* Lab02Tests.swift in Sources */ = {isa = PBXBuildFile; fileRef = FFA2676C2C8245CB00168E75 /* Lab02Tests.swift */; };
		FFA267772C8245CB00168E75 /* Lab02UITests.swift in Sources */ = {isa = PBXBuildFile; fileRef = FFA267762C8245CB00168E75 /* Lab02UITests.swift */; };
		FFA267792C8245CB00168E75 /* Lab02UITestsLaunchTests.swift in Sources */ = {isa = PBXBuildFile; fileRef = FFA267782C8245CB00168E75 /* Lab02UITestsLaunchTests.swift */; };
/* End PBXBuildFile section */

/* Begin PBXContainerItemProxy section */
		FFA267692C8245CB00168E75 /* PBXContainerItemProxy */ = {
			isa = PBXContainerItemProxy;
			containerPortal = FFA267502C8245C900168E75 /* Project object */;
			proxyType = 1;
			remoteGlobalIDString = FFA267572C8245C900168E75;
			remoteInfo = Lab02;
		};
		FFA267732C8245CB00168E75 /* PBXContainerItemProxy */ = {
			isa = PBXContainerItemProxy;
			containerPortal = FFA267502C8245C900168E75 /* Project object */;
			proxyType = 1;
			remoteGlobalIDString = FFA267572C8245C900168E75;
			remoteInfo = Lab02;
		};
/* End PBXContainerItemProxy section */

/* Begin PBXFileReference section */
		FFA267582C8245C900168E75 /* Lab02.app */ = {isa = PBXFileReference; explicitFileType = wrapper.application; includeInIndex = 0; path = Lab02.app; sourceTree = BUILT_PRODUCTS_DIR; };
		FFA2675B2C8245C900168E75 /* Lab02App.swift */ = {isa = PBXFileReference; lastKnownFileType = sourcecode.swift; path = Lab02App.swift; sourceTree = "<group>"; };
		FFA2675D2C8245C900168E75 /* ContentView.swift */ = {isa = PBXFileReference; lastKnownFileType = sourcecode.swift; path = ContentView.swift; sourceTree = "<group>"; };
		FFA2675F2C8245CB00168E75 /* Assets.xcassets */ = {isa = PBXFileReference; lastKnownFileType = folder.assetcatalog; path = Assets.xcassets; sourceTree = "<group>"; };
		FFA267622C8245CB00168E75 /* Preview Assets.xcassets */ = {isa = PBXFileReference; lastKnownFileType = folder.assetcatalog; path = "Preview Assets.xcassets"; sourceTree = "<group>"; };
		FFA267682C8245CB00168E75 /* Lab02Tests.xctest */ = {isa = PBXFileReference; explicitFileType = wrapper.cfbundle; includeInIndex = 0; path = Lab02Tests.xctest; sourceTree = BUILT_PRODUCTS_DIR; };
		FFA2676C2C8245CB00168E75 /* Lab02Tests.swift */ = {isa = PBXFileReference; lastKnownFileType = sourcecode.swift; path = Lab02Tests.swift; sourceTree = "<group>"; };
		FFA267722C8245CB00168E75 /* Lab02UITests.xctest */ = {isa = PBXFileReference; explicitFileType = wrapper.cfbundle; includeInIndex = 0; path = Lab02UITests.xctest; sourceTree = BUILT_PRODUCTS_DIR; };
		FFA267762C8245CB00168E75 /* Lab02UITests.swift */ = {isa = PBXFileReference; lastKnownFileType = sourcecode.swift; path = Lab02UITests.swift; sourceTree = "<group>"; };
		FFA267782C8245CB00168E75 /* Lab02UITestsLaunchTests.swift */ = {isa = PBXFileReference; lastKnownFileType = sourcecode.swift; path = Lab02UITestsLaunchTests.swift; sourceTree = "<group>"; };
/* End PBXFileReference section */

/* Begin PBXFrameworksBuildPhase section */
		FFA267552C8245C900168E75 /* Frameworks */ = {
			isa = PBXFrameworksBuildPhase;
			buildActionMask = 2147483647;
			files = (
			);
			runOnlyForDeploymentPostprocessing = 0;
		};
		FFA267652C8245CB00168E75 /* Frameworks */ = {
			isa = PBXFrameworksBuildPhase;
			buildActionMask = 2147483647;
			files = (
			);
			runOnlyForDeploymentPostprocessing = 0;
		};
		FFA2676F2C8245CB00168E75 /* Frameworks */ = {
			isa = PBXFrameworksBuildPhase;
			buildActionMask = 2147483647;
			files = (
			);
			runOnlyForDeploymentPostprocessing = 0;
		};
/* End PBXFrameworksBuildPhase section */

/* Begin PBXGroup section */
		FFA2674F2C8245C900168E75 = {
			isa = PBXGroup;
			children = (
				FFA2675A2C8245C900168E75 /* Lab02 */,
				FFA2676B2C8245CB00168E75 /* Lab02Tests */,
				FFA267752C8245CB00168E75 /* Lab02UITests */,
				FFA267592C8245C900168E75 /* Products */,
			);
			sourceTree = "<group>";
		};
		FFA267592C8245C900168E75 /* Products */ = {
			isa = PBXGroup;
			children = (
				FFA267582C8245C900168E75 /* Lab02.app */,
				FFA267682C8245CB00168E75 /* Lab02Tests.xctest */,
				FFA267722C8245CB00168E75 /* Lab02UITests.xctest */,
			);
			name = Products;
			sourceTree = "<group>";
		};
		FFA2675A2C8245C900168E75 /* Lab02 */ = {
			isa = PBXGroup;
			children = (
				FFA2675B2C8245C900168E75 /* Lab02App.swift */,
				FFA2675D2C8245C900168E75 /* ContentView.swift */,
				FFA2675F2C8245CB00168E75 /* Assets.xcassets */,
				FFA267612C8245CB00168E75 /* Preview Content */,
			);
			path = Lab02;
			sourceTree = "<group>";
		};
		FFA267612C8245CB00168E75 /* Preview Content */ = {
			isa = PBXGroup;
			children = (
				FFA267622C8245CB00168E75 /* Preview Assets.xcassets */,
			);
			path = "Preview Content";
			sourceTree = "<group>";
		};
		FFA2676B2C8245CB00168E75 /* Lab02Tests */ = {
			isa = PBXGroup;
			children = (
				FFA2676C2C8245CB00168E75 /* Lab02Tests.swift */,
			);
			path = Lab02Tests;
			sourceTree = "<group>";
		};
		FFA267752C8245CB00168E75 /* Lab02UITests */ = {
			isa = PBXGroup;
			children = (
				FFA267762C8245CB00168E75 /* Lab02UITests.swift */,
				FFA267782C8245CB00168E75 /* Lab02UITestsLaunchTests.swift */,
			);
			path = Lab02UITests;
			sourceTree = "<group>";
		};
/* End PBXGroup section */

/* Begin PBXNativeTarget section */
		FFA267572C8245C900168E75 /* Lab02 */ = {
			isa = PBXNativeTarget;
			buildConfigurationList = FFA2677C2C8245CB00168E75 /* Build configuration list for PBXNativeTarget "Lab02" */;
			buildPhases = (
				FFA267542C8245C900168E75 /* Sources */,
				FFA267552C8245C900168E75 /* Frameworks */,
				FFA267562C8245C900168E75 /* Resources */,
			);
			buildRules = (
			);
			dependencies = (
			);
			name = Lab02;
			productName = Lab02;
			productReference = FFA267582C8245C900168E75 /* Lab02.app */;
			productType = "com.apple.product-type.application";
		};
		FFA267672C8245CB00168E75 /* Lab02Tests */ = {
			isa = PBXNativeTarget;
			buildConfigurationList = FFA2677F2C8245CB00168E75 /* Build configuration list for PBXNativeTarget "Lab02Tests" */;
			buildPhases = (
				FFA267642C8245CB00168E75 /* Sources */,
				FFA267652C8245CB00168E75 /* Frameworks */,
				FFA267662C8245CB00168E75 /* Resources */,
			);
			buildRules = (
			);
			dependencies = (
				FFA2676A2C8245CB00168E75 /* PBXTargetDependency */,
			);
			name = Lab02Tests;
			productName = Lab02Tests;
			productReference = FFA267682C8245CB00168E75 /* Lab02Tests.xctest */;
			productType = "com.apple.product-type.bundle.unit-test";
		};
		FFA267712C8245CB00168E75 /* Lab02UITests */ = {
			isa = PBXNativeTarget;
			buildConfigurationList = FFA267822C8245CB00168E75 /* Build configuration list for PBXNativeTarget "Lab02UITests" */;
			buildPhases = (
				FFA2676E2C8245CB00168E75 /* Sources */,
				FFA2676F2C8245CB00168E75 /* Frameworks */,
				FFA267702C8245CB00168E75 /* Resources */,
			);
			buildRules = (
			);
			dependencies = (
				FFA267742C8245CB00168E75 /* PBXTargetDependency */,
			);
			name = Lab02UITests;
			productName = Lab02UITests;
			productReference = FFA267722C8245CB00168E75 /* Lab02UITests.xctest */;
			productType = "com.apple.product-type.bundle.ui-testing";
		};
/* End PBXNativeTarget section */

/* Begin PBXProject section */
		FFA267502C8245C900168E75 /* Project object */ = {
			isa = PBXProject;
			attributes = {
				BuildIndependentTargetsInParallel = 1;
				LastSwiftUpdateCheck = 1540;
				LastUpgradeCheck = 1540;
				TargetAttributes = {
					FFA267572C8245C900168E75 = {
						CreatedOnToolsVersion = 15.4;
					};
					FFA267672C8245CB00168E75 = {
						CreatedOnToolsVersion = 15.4;
						TestTargetID = FFA267572C8245C900168E75;
					};
					FFA267712C8245CB00168E75 = {
						CreatedOnToolsVersion = 15.4;
						TestTargetID = FFA267572C8245C900168E75;
					};
				};
			};
			buildConfigurationList = FFA267532C8245C900168E75 /* Build configuration list for PBXProject "Lab02" */;
			compatibilityVersion = "Xcode 14.0";
			developmentRegion = en;
			hasScannedForEncodings = 0;
			knownRegions = (
				en,
				Base,
			);
			mainGroup = FFA2674F2C8245C900168E75;
			productRefGroup = FFA267592C8245C900168E75 /* Products */;
			projectDirPath = "";
			projectRoot = "";
			targets = (
				FFA267572C8245C900168E75 /* Lab02 */,
				FFA267672C8245CB00168E75 /* Lab02Tests */,
				FFA267712C8245CB00168E75 /* Lab02UITests */,
			);
		};
/* End PBXProject section */

/* Begin PBXResourcesBuildPhase section */
		FFA267562C8245C900168E75 /* Resources */ = {
			isa = PBXResourcesBuildPhase;
			buildActionMask = 2147483647;
			files = (
				FFA267632C8245CB00168E75 /* Preview Assets.xcassets in Resources */,
				FFA267602C8245CB00168E75 /* Assets.xcassets in Resources */,
			);
			runOnlyForDeploymentPostprocessing = 0;
		};
		FFA267662C8245CB00168E75 /* Resources */ = {
			isa = PBXResourcesBuildPhase;
			buildActionMask = 2147483647;
			files = (
			);
			runOnlyForDeploymentPostprocessing = 0;
		};
		FFA267702C8245CB00168E75 /* Resources */ = {
			isa = PBXResourcesBuildPhase;
			buildActionMask = 2147483647;
			files = (
			);
			runOnlyForDeploymentPostprocessing = 0;
		};
/* End PBXResourcesBuildPhase section */

/* Begin PBXSourcesBuildPhase section */
		FFA267542C8245C900168E75 /* Sources */ = {
			isa = PBXSourcesBuildPhase;
			buildActionMask = 2147483647;
			files = (
				FFA2675E2C8245C900168E75 /* ContentView.swift in Sources */,
				FFA2675C2C8245C900168E75 /* Lab02App.swift in Sources */,
			);
			runOnlyForDeploymentPostprocessing = 0;
		};
		FFA267642C8245CB00168E75 /* Sources */ = {
			isa = PBXSourcesBuildPhase;
			buildActionMask = 2147483647;
			files = (
				FFA2676D2C8245CB00168E75 /* Lab02Tests.swift in Sources */,
			);
			runOnlyForDeploymentPostprocessing = 0;
		};
		FFA2676E2C8245CB00168E75 /* Sources */ = {
			isa = PBXSourcesBuildPhase;
			buildActionMask = 2147483647;
			files = (
				FFA267792C8245CB00168E75 /* Lab02UITestsLaunchTests.swift in Sources */,
				FFA267772C8245CB00168E75 /* Lab02UITests.swift in Sources */,
			);
			runOnlyForDeploymentPostprocessing = 0;
		};
/* End PBXSourcesBuildPhase section */

/* Begin PBXTargetDependency section */
		FFA2676A2C8245CB00168E75 /* PBXTargetDependency */ = {
			isa = PBXTargetDependency;
			target = FFA267572C8245C900168E75 /* Lab02 */;
			targetProxy = FFA267692C8245CB00168E75 /* PBXContainerItemProxy */;
		};
		FFA267742C8245CB00168E75 /* PBXTargetDependency */ = {
			isa = PBXTargetDependency;
			target = FFA267572C8245C900168E75 /* Lab02 */;
			targetProxy = FFA267732C8245CB00168E75 /* PBXContainerItemProxy */;
		};
/* End PBXTargetDependency section */

/* Begin XCBuildConfiguration section */
		FFA2677A2C8245CB00168E75 /* Debug */ = {
			isa = XCBuildConfiguration;
			buildSettings = {
				ALWAYS_SEARCH_USER_PATHS = NO;
				ASSETCATALOG_COMPILER_GENERATE_SWIFT_ASSET_SYMBOL_EXTENSIONS = YES;
				CLANG_ANALYZER_NONNULL = YES;
				CLANG_ANALYZER_NUMBER_OBJECT_CONVERSION = YES_AGGRESSIVE;
				CLANG_CXX_LANGUAGE_STANDARD = "gnu++20";
				CLANG_ENABLE_MODULES = YES;
				CLANG_ENABLE_OBJC_ARC = YES;
				CLANG_ENABLE_OBJC_WEAK = YES;
				CLANG_WARN_BLOCK_CAPTURE_AUTORELEASING = YES;
				CLANG_WARN_BOOL_CONVERSION = YES;
				CLANG_WARN_COMMA = YES;
				CLANG_WARN_CONSTANT_CONVERSION = YES;
				CLANG_WARN_DEPRECATED_OBJC_IMPLEMENTATIONS = YES;
				CLANG_WARN_DIRECT_OBJC_ISA_USAGE = YES_ERROR;
				CLANG_WARN_DOCUMENTATION_COMMENTS = YES;
				CLANG_WARN_EMPTY_BODY = YES;
				CLANG_WARN_ENUM_CONVERSION = YES;
				CLANG_WARN_INFINITE_RECURSION = YES;
				CLANG_WARN_INT_CONVERSION = YES;
				CLANG_WARN_NON_LITERAL_NULL_CONVERSION = YES;
				CLANG_WARN_OBJC_IMPLICIT_RETAIN_SELF = YES;
				CLANG_WARN_OBJC_LITERAL_CONVERSION = YES;
				CLANG_WARN_OBJC_ROOT_CLASS = YES_ERROR;
				CLANG_WARN_QUOTED_INCLUDE_IN_FRAMEWORK_HEADER = YES;
				CLANG_WARN_RANGE_LOOP_ANALYSIS = YES;
				CLANG_WARN_STRICT_PROTOTYPES = YES;
				CLANG_WARN_SUSPICIOUS_MOVE = YES;
				CLANG_WARN_UNGUARDED_AVAILABILITY = YES_AGGRESSIVE;
				CLANG_WARN_UNREACHABLE_CODE = YES;
				CLANG_WARN__DUPLICATE_METHOD_MATCH = YES;
				COPY_PHASE_STRIP = NO;
				DEBUG_INFORMATION_FORMAT = dwarf;
				ENABLE_STRICT_OBJC_MSGSEND = YES;
				ENABLE_TESTABILITY = YES;
				ENABLE_USER_SCRIPT_SANDBOXING = YES;
				GCC_C_LANGUAGE_STANDARD = gnu17;
				GCC_DYNAMIC_NO_PIC = NO;
				GCC_NO_COMMON_BLOCKS = YES;
				GCC_OPTIMIZATION_LEVEL = 0;
				GCC_PREPROCESSOR_DEFINITIONS = (
					"DEBUG=1",
					"$(inherited)",
				);
				GCC_WARN_64_TO_32_BIT_CONVERSION = YES;
				GCC_WARN_ABOUT_RETURN_TYPE = YES_ERROR;
				GCC_WARN_UNDECLARED_SELECTOR = YES;
				GCC_WARN_UNINITIALIZED_AUTOS = YES_AGGRESSIVE;
				GCC_WARN_UNUSED_FUNCTION = YES;
				GCC_WARN_UNUSED_VARIABLE = YES;
				IPHONEOS_DEPLOYMENT_TARGET = 17.5;
				LOCALIZATION_PREFERS_STRING_CATALOGS = YES;
				MTL_ENABLE_DEBUG_INFO = INCLUDE_SOURCE;
				MTL_FAST_MATH = YES;
				ONLY_ACTIVE_ARCH = YES;
				SDKROOT = iphoneos;
				SWIFT_ACTIVE_COMPILATION_CONDITIONS = "DEBUG $(inherited)";
				SWIFT_OPTIMIZATION_LEVEL = "-Onone";
			};
			name = Debug;
		};
		FFA2677B2C8245CB00168E75 /* Release */ = {
			isa = XCBuildConfiguration;
			buildSettings = {
				ALWAYS_SEARCH_USER_PATHS = NO;
				ASSETCATALOG_COMPILER_GENERATE_SWIFT_ASSET_SYMBOL_EXTENSIONS = YES;
				CLANG_ANALYZER_NONNULL = YES;
				CLANG_ANALYZER_NUMBER_OBJECT_CONVERSION = YES_AGGRESSIVE;
				CLANG_CXX_LANGUAGE_STANDARD = "gnu++20";
				CLANG_ENABLE_MODULES = YES;
				CLANG_ENABLE_OBJC_ARC = YES;
				CLANG_ENABLE_OBJC_WEAK = YES;
				CLANG_WARN_BLOCK_CAPTURE_AUTORELEASING = YES;
				CLANG_WARN_BOOL_CONVERSION = YES;
				CLANG_WARN_COMMA = YES;
				CLANG_WARN_CONSTANT_CONVERSION = YES;
				CLANG_WARN_DEPRECATED_OBJC_IMPLEMENTATIONS = YES;
				CLANG_WARN_DIRECT_OBJC_ISA_USAGE = YES_ERROR;
				CLANG_WARN_DOCUMENTATION_COMMENTS = YES;
				CLANG_WARN_EMPTY_BODY = YES;
				CLANG_WARN_ENUM_CONVERSION = YES;
				CLANG_WARN_INFINITE_RECURSION = YES;
				CLANG_WARN_INT_CONVERSION = YES;
				CLANG_WARN_NON_LITERAL_NULL_CONVERSION = YES;
				CLANG_WARN_OBJC_IMPLICIT_RETAIN_SELF = YES;
				CLANG_WARN_OBJC_LITERAL_CONVERSION = YES;
				CLANG_WARN_OBJC_ROOT_CLASS = YES_ERROR;
				CLANG_WARN_QUOTED_INCLUDE_IN_FRAMEWORK_HEADER = YES;
				CLANG_WARN_RANGE_LOOP_ANALYSIS = YES;
				CLANG_WARN_STRICT_PROTOTYPES = YES;
				CLANG_WARN_SUSPICIOUS_MOVE = YES;
				CLANG_WARN_UNGUARDED_AVAILABILITY = YES_AGGRESSIVE;
				CLANG_WARN_UNREACHABLE_CODE = YES;
				CLANG_WARN__DUPLICATE_METHOD_MATCH = YES;
				COPY_PHASE_STRIP = NO;
				DEBUG_INFORMATION_FORMAT = "dwarf-with-dsym";
				ENABLE_NS_ASSERTIONS = NO;
				ENABLE_STRICT_OBJC_MSGSEND = YES;
				ENABLE_USER_SCRIPT_SANDBOXING = YES;
				GCC_C_LANGUAGE_STANDARD = gnu17;
				GCC_NO_COMMON_BLOCKS = YES;
				GCC_WARN_64_TO_32_BIT_CONVERSION = YES;
				GCC_WARN_ABOUT_RETURN_TYPE = YES_ERROR;
				GCC_WARN_UNDECLARED_SELECTOR = YES;
				GCC_WARN_UNINITIALIZED_AUTOS = YES_AGGRESSIVE;
				GCC_WARN_UNUSED_FUNCTION = YES;
				GCC_WARN_UNUSED_VARIABLE = YES;
				IPHONEOS_DEPLOYMENT_TARGET = 17.5;
				LOCALIZATION_PREFERS_STRING_CATALOGS = YES;
				MTL_ENABLE_DEBUG_INFO = NO;
				MTL_FAST_MATH = YES;
				SDKROOT = iphoneos;
				SWIFT_COMPILATION_MODE = wholemodule;
				VALIDATE_PRODUCT = YES;
			};
			name = Release;
		};
		FFA2677D2C8245CB00168E75 /* Debug */ = {
			isa = XCBuildConfiguration;
			buildSettings = {
				ASSETCATALOG_COMPILER_APPICON_NAME = AppIcon;
				ASSETCATALOG_COMPILER_GLOBAL_ACCENT_COLOR_NAME = AccentColor;
				CODE_SIGN_STYLE = Automatic;
				CURRENT_PROJECT_VERSION = 1;
				DEVELOPMENT_ASSET_PATHS = "\"Lab02/Preview Content\"";
				DEVELOPMENT_TEAM = 6B8SVZ728W;
				ENABLE_PREVIEWS = YES;
				GENERATE_INFOPLIST_FILE = YES;
				INFOPLIST_KEY_UIApplicationSceneManifest_Generation = YES;
				INFOPLIST_KEY_UIApplicationSupportsIndirectInputEvents = YES;
				INFOPLIST_KEY_UILaunchScreen_Generation = YES;
				INFOPLIST_KEY_UISupportedInterfaceOrientations_iPad = "UIInterfaceOrientationPortrait UIInterfaceOrientationPortraitUpsideDown UIInterfaceOrientationLandscapeLeft UIInterfaceOrientationLandscapeRight";
				INFOPLIST_KEY_UISupportedInterfaceOrientations_iPhone = "UIInterfaceOrientationPortrait UIInterfaceOrientationLandscapeLeft UIInterfaceOrientationLandscapeRight";
				LD_RUNPATH_SEARCH_PATHS = (
					"$(inherited)",
					"@executable_path/Frameworks",
				);
				MARKETING_VERSION = 1.0;
				PRODUCT_BUNDLE_IDENTIFIER = edu.cedarville.ITM3300.ehall260.Lab02;
				PRODUCT_NAME = "$(TARGET_NAME)";
				SWIFT_EMIT_LOC_STRINGS = YES;
				SWIFT_VERSION = 5.0;
				TARGETED_DEVICE_FAMILY = "1,2";
			};
			name = Debug;
		};
		FFA2677E2C8245CB00168E75 /* Release */ = {
			isa = XCBuildConfiguration;
			buildSettings = {
				ASSETCATALOG_COMPILER_APPICON_NAME = AppIcon;
				ASSETCATALOG_COMPILER_GLOBAL_ACCENT_COLOR_NAME = AccentColor;
				CODE_SIGN_STYLE = Automatic;
				CURRENT_PROJECT_VERSION = 1;
				DEVELOPMENT_ASSET_PATHS = "\"Lab02/Preview Content\"";
				DEVELOPMENT_TEAM = 6B8SVZ728W;
				ENABLE_PREVIEWS = YES;
				GENERATE_INFOPLIST_FILE = YES;
				INFOPLIST_KEY_UIApplicationSceneManifest_Generation = YES;
				INFOPLIST_KEY_UIApplicationSupportsIndirectInputEvents = YES;
				INFOPLIST_KEY_UILaunchScreen_Generation = YES;
				INFOPLIST_KEY_UISupportedInterfaceOrientations_iPad = "UIInterfaceOrientationPortrait UIInterfaceOrientationPortraitUpsideDown UIInterfaceOrientationLandscapeLeft UIInterfaceOrientationLandscapeRight";
				INFOPLIST_KEY_UISupportedInterfaceOrientations_iPhone = "UIInterfaceOrientationPortrait UIInterfaceOrientationLandscapeLeft UIInterfaceOrientationLandscapeRight";
				LD_RUNPATH_SEARCH_PATHS = (
					"$(inherited)",
					"@executable_path/Frameworks",
				);
				MARKETING_VERSION = 1.0;
				PRODUCT_BUNDLE_IDENTIFIER = edu.cedarville.ITM3300.ehall260.Lab02;
				PRODUCT_NAME = "$(TARGET_NAME)";
				SWIFT_EMIT_LOC_STRINGS = YES;
				SWIFT_VERSION = 5.0;
				TARGETED_DEVICE_FAMILY = "1,2";
			};
			name = Release;
		};
		FFA267802C8245CB00168E75 /* Debug */ = {
			isa = XCBuildConfiguration;
			buildSettings = {
				ALWAYS_EMBED_SWIFT_STANDARD_LIBRARIES = YES;
				BUNDLE_LOADER = "$(TEST_HOST)";
				CODE_SIGN_STYLE = Automatic;
				CURRENT_PROJECT_VERSION = 1;
				DEVELOPMENT_TEAM = 6B8SVZ728W;
				GENERATE_INFOPLIST_FILE = YES;
				IPHONEOS_DEPLOYMENT_TARGET = 17.5;
				MARKETING_VERSION = 1.0;
				PRODUCT_BUNDLE_IDENTIFIER = edu.cedarville.ITM3300.ehall260.Lab02Tests;
				PRODUCT_NAME = "$(TARGET_NAME)";
				SWIFT_EMIT_LOC_STRINGS = NO;
				SWIFT_VERSION = 5.0;
				TARGETED_DEVICE_FAMILY = "1,2";
				TEST_HOST = "$(BUILT_PRODUCTS_DIR)/Lab02.app/$(BUNDLE_EXECUTABLE_FOLDER_PATH)/Lab02";
			};
			name = Debug;
		};
		FFA267812C8245CB00168E75 /* Release */ = {
			isa = XCBuildConfiguration;
			buildSettings = {
				ALWAYS_EMBED_SWIFT_STANDARD_LIBRARIES = YES;
				BUNDLE_LOADER = "$(TEST_HOST)";
				CODE_SIGN_STYLE = Automatic;
				CURRENT_PROJECT_VERSION = 1;
				DEVELOPMENT_TEAM = 6B8SVZ728W;
				GENERATE_INFOPLIST_FILE = YES;
				IPHONEOS_DEPLOYMENT_TARGET = 17.5;
				MARKETING_VERSION = 1.0;
				PRODUCT_BUNDLE_IDENTIFIER = edu.cedarville.ITM3300.ehall260.Lab02Tests;
				PRODUCT_NAME = "$(TARGET_NAME)";
				SWIFT_EMIT_LOC_STRINGS = NO;
				SWIFT_VERSION = 5.0;
				TARGETED_DEVICE_FAMILY = "1,2";
				TEST_HOST = "$(BUILT_PRODUCTS_DIR)/Lab02.app/$(BUNDLE_EXECUTABLE_FOLDER_PATH)/Lab02";
			};
			name = Release;
		};
		FFA267832C8245CB00168E75 /* Debug */ = {
			isa = XCBuildConfiguration;
			buildSettings = {
				ALWAYS_EMBED_SWIFT_STANDARD_LIBRARIES = YES;
				CODE_SIGN_STYLE = Automatic;
				CURRENT_PROJECT_VERSION = 1;
				DEVELOPMENT_TEAM = 6B8SVZ728W;
				GENERATE_INFOPLIST_FILE = YES;
				MARKETING_VERSION = 1.0;
				PRODUCT_BUNDLE_IDENTIFIER = edu.cedarville.ITM3300.ehall260.Lab02UITests;
				PRODUCT_NAME = "$(TARGET_NAME)";
				SWIFT_EMIT_LOC_STRINGS = NO;
				SWIFT_VERSION = 5.0;
				TARGETED_DEVICE_FAMILY = "1,2";
				TEST_TARGET_NAME = Lab02;
			};
			name = Debug;
		};
		FFA267842C8245CB00168E75 /* Release */ = {
			isa = XCBuildConfiguration;
			buildSettings = {
				ALWAYS_EMBED_SWIFT_STANDARD_LIBRARIES = YES;
				CODE_SIGN_STYLE = Automatic;
				CURRENT_PROJECT_VERSION = 1;
				DEVELOPMENT_TEAM = 6B8SVZ728W;
				GENERATE_INFOPLIST_FILE = YES;
				MARKETING_VERSION = 1.0;
				PRODUCT_BUNDLE_IDENTIFIER = edu.cedarville.ITM3300.ehall260.Lab02UITests;
				PRODUCT_NAME = "$(TARGET_NAME)";
				SWIFT_EMIT_LOC_STRINGS = NO;
				SWIFT_VERSION = 5.0;
				TARGETED_DEVICE_FAMILY = "1,2";
				TEST_TARGET_NAME = Lab02;
			};
			name = Release;
		};
/* End XCBuildConfiguration section */

/* Begin XCConfigurationList section */
		FFA267532C8245C900168E75 /* Build configuration list for PBXProject "Lab02" */ = {
			isa = XCConfigurationList;
			buildConfigurations = (
				FFA2677A2C8245CB00168E75 /* Debug */,
				FFA2677B2C8245CB00168E75 /* Release */,
			);
			defaultConfigurationIsVisible = 0;
			defaultConfigurationName = Release;
		};
		FFA2677C2C8245CB00168E75 /* Build configuration list for PBXNativeTarget "Lab02" */ = {
			isa = XCConfigurationList;
			buildConfigurations = (
				FFA2677D2C8245CB00168E75 /* Debug */,
				FFA2677E2C8245CB00168E75 /* Release */,
			);
			defaultConfigurationIsVisible = 0;
			defaultConfigurationName = Release;
		};
		FFA2677F2C8245CB00168E75 /* Build configuration list for PBXNativeTarget "Lab02Tests" */ = {
			isa = XCConfigurationList;
			buildConfigurations = (
				FFA267802C8245CB00168E75 /* Debug */,
				FFA267812C8245CB00168E75 /* Release */,
			);
			defaultConfigurationIsVisible = 0;
			defaultConfigurationName = Release;
		};
		FFA267822C8245CB00168E75 /* Build configuration list for PBXNativeTarget "Lab02UITests" */ = {
			isa = XCConfigurationList;
			buildConfigurations = (
				FFA267832C8245CB00168E75 /* Debug */,
				FFA267842C8245CB00168E75 /* Release */,
			);
			defaultConfigurationIsVisible = 0;
			defaultConfigurationName = Release;
		};
/* End XCConfigurationList section */
	};
	rootObject = FFA267502C8245C900168E75 /* Project object */;
}
